#MicroXplorer Configuration settings - do not modify
#Sat May 23 00:41:30 CEST 2015
File.Version=4
I2C3.IPParameters=OwnAddress1
I2C3.OwnAddress1=15
KeepUserPlacement=false
Mcu.Family=STM32F4
Mcu.IP0=I2C3
Mcu.IP1=NVIC
Mcu.IP2=RCC
Mcu.IP3=TIM7
Mcu.IP4=USB_DEVICE
Mcu.IP5=USB_OTG_FS
Mcu.IPNb=6
Mcu.Name=STM32F407V(E-G)Tx
Mcu.Package=LQFP100
Mcu.Pin0=PD13
Mcu.Pin1=PC9
Mcu.Pin2=PA8
Mcu.Pin3=PA9
Mcu.Pin4=PA11
Mcu.Pin5=PA12
Mcu.Pin6=VP_TIM7_VS_ClockSourceINT
Mcu.Pin7=VP_USB_DEVICE_VS_USB_DEVICE_CDC_FS
Mcu.PinsNb=8
Mcu.UserName=STM32F407VGTx
NVIC.I2C3_ER_IRQn=true\:0\:0
NVIC.I2C3_EV_IRQn=true\:0\:0
NVIC.OTG_FS_IRQn=true\:0\:0
NVIC.PriorityGroup=NVIC_PRIORITYGROUP_0
NVIC.SysTick_IRQn=true\:0\:0
NVIC.TIM7_IRQn=true\:0\:0
PA11.GPIOParameters=GPIO_Speed,GPIO_PuPd,GPIO_Mode
PA11.GPIO_Mode=GPIO_MODE_AF_PP
PA11.GPIO_PuPd=GPIO_NOPULL
PA11.GPIO_Speed=GPIO_SPEED_HIGH
PA11.Locked=true
PA11.Mode=Device_Only
PA11.Signal=USB_OTG_FS_DM
PA12.GPIOParameters=GPIO_Speed,GPIO_PuPd,GPIO_Mode
PA12.GPIO_Mode=GPIO_MODE_AF_PP
PA12.GPIO_PuPd=GPIO_NOPULL
PA12.GPIO_Speed=GPIO_SPEED_HIGH
PA12.Locked=true
PA12.Mode=Device_Only
PA12.Signal=USB_OTG_FS_DP
PA8.GPIOParameters=GPIO_Speed,GPIO_PuPd,GPIO_Mode
PA8.GPIO_Mode=GPIO_MODE_AF_OD
PA8.GPIO_PuPd=GPIO_PULLUP
PA8.GPIO_Speed=GPIO_SPEED_HIGH
PA8.Locked=true
PA8.Mode=I2C
PA8.Signal=I2C3_SCL
PA9.Locked=true
PA9.Mode=Activate_VBUS
PA9.Signal=USB_OTG_FS_VBUS
PC9.GPIOParameters=GPIO_Speed,GPIO_PuPd,GPIO_Mode
PC9.GPIO_Mode=GPIO_MODE_AF_OD
PC9.GPIO_PuPd=GPIO_PULLUP
PC9.GPIO_Speed=GPIO_SPEED_HIGH
PC9.Locked=true
PC9.Mode=I2C
PC9.Signal=I2C3_SDA
PCC.Family=STM32F4
PCC.MCU=STM32F407V(E-G)Tx
PCC.MXVersion=4.3.1
PCC.PartNumber=STM32F407VGTx
PCC.Seq0=0
PCC.SubFamily=STM32F407/417
PCC.Temperature=25
PCC.Vdd=3.3
PD13.GPIOParameters=GPIO_Speed,GPIO_PuPd,GPIO_Label,GPIO_ModeDefaultOutputPP
PD13.GPIO_Label=Led_Orange
PD13.GPIO_ModeDefaultOutputPP=GPIO_MODE_OUTPUT_PP
PD13.GPIO_PuPd=GPIO_PULLDOWN
PD13.GPIO_Speed=GPIO_SPEED_FAST
PD13.Locked=true
PD13.Signal=GPIO_Output
ProjectManager.AskForMigrate=true
ProjectManager.BackupPrevious=true
ProjectManager.CompilerOptimize=2
ProjectManager.ComputerToolchain=false
ProjectManager.CoupleFile=true
ProjectManager.DeletePrevious=true
ProjectManager.DeviceId=STM32F407VGTx
ProjectManager.FirmwarePackage=STM32Cube FW_F4 V1.3.0
ProjectManager.FreePins=false
ProjectManager.HalAssertFull=false
ProjectManager.KeepUserCode=true
ProjectManager.LastFirmware=true
ProjectManager.LibraryCopy=0
ProjectManager.ProjectBuild=false
ProjectManager.ProjectFileName=BMO055SensorTest.ioc
ProjectManager.ProjectName=BMO055SensorTest
ProjectManager.TargetToolchain=MDK-ARM 4.73
RCC.APB1CLKDivider=RCC_HCLK_DIV4
RCC.APB2CLKDivider=RCC_HCLK_DIV2
RCC.FamilyName=M
RCC.HSE_VALUE=25000000
RCC.HSI_VALUE=16000000
RCC.IPParameters=,LSI_VALUE,FamilyName,APB1CLKDivider,APB2CLKDivider,PLLN,VcooutputI2S,PLLQ,SYSCLKSource,LSE_VALUE,HSE_VALUE,HSI_VALUE
RCC.LSE_VALUE=32768
RCC.LSI_VALUE=32000
RCC.PLLN=336
RCC.PLLQ=7
RCC.SYSCLKSource=RCC_SYSCLKSOURCE_PLLCLK
RCC.VcooutputI2S=96000000
TIM7.IPParameters=Prescaler,Period
TIM7.Period=62499
TIM7.Prescaler=671
USB_DEVICE.IPParameters=VirtualModeFS,USBD_HandleTypeDef,VirtualMode
USB_DEVICE.USBD_HandleTypeDef=hUsbDeviceFS
USB_DEVICE.VirtualMode=Cdc
USB_DEVICE.VirtualModeFS=Cdc_FS
USB_OTG_FS.IPParameters=VirtualMode-Device_Only
USB_OTG_FS.VirtualMode-Device_Only=Device_Only
VP_TIM7_VS_ClockSourceINT.Mode=Enable_Timer
VP_TIM7_VS_ClockSourceINT.Signal=TIM7_VS_ClockSourceINT
VP_USB_DEVICE_VS_USB_DEVICE_CDC_FS.Mode=CDC_FS
VP_USB_DEVICE_VS_USB_DEVICE_CDC_FS.Signal=USB_DEVICE_VS_USB_DEVICE_CDC_FS
