#MicroXplorer Configuration settings - do not modify
#Mon Jun 08 22:40:41 CEST 2015
Dma.I2C1_RX.1.Channel=DMA_CHANNEL_1
Dma.I2C1_RX.1.Direction=DMA_PERIPH_TO_MEMORY
Dma.I2C1_RX.1.FIFOMode=DMA_FIFOMODE_DISABLE
Dma.I2C1_RX.1.Instance=DMA1_Stream0
Dma.I2C1_RX.1.MemDataAlignment=DMA_MDATAALIGN_BYTE
Dma.I2C1_RX.1.MemInc=DMA_MINC_ENABLE
Dma.I2C1_RX.1.Mode=DMA_NORMAL
Dma.I2C1_RX.1.PeriphDataAlignment=DMA_PDATAALIGN_BYTE
Dma.I2C1_RX.1.PeriphInc=DMA_PINC_DISABLE
Dma.I2C1_RX.1.Priority=DMA_PRIORITY_HIGH
Dma.I2C1_RX.1.RequestParameters=Instance,Channel,Direction,PeriphInc,MemInc,PeriphDataAlignment,MemDataAlignment,Mode,Priority,FIFOMode
Dma.I2C1_TX.0.Channel=DMA_CHANNEL_1
Dma.I2C1_TX.0.Direction=DMA_MEMORY_TO_PERIPH
Dma.I2C1_TX.0.FIFOMode=DMA_FIFOMODE_DISABLE
Dma.I2C1_TX.0.Instance=DMA1_Stream6
Dma.I2C1_TX.0.MemDataAlignment=DMA_MDATAALIGN_BYTE
Dma.I2C1_TX.0.MemInc=DMA_MINC_DISABLE
Dma.I2C1_TX.0.Mode=DMA_NORMAL
Dma.I2C1_TX.0.PeriphDataAlignment=DMA_PDATAALIGN_BYTE
Dma.I2C1_TX.0.PeriphInc=DMA_PINC_DISABLE
Dma.I2C1_TX.0.Priority=DMA_PRIORITY_HIGH
Dma.I2C1_TX.0.RequestParameters=Instance,Channel,Direction,PeriphInc,MemInc,PeriphDataAlignment,MemDataAlignment,Mode,Priority,FIFOMode
Dma.Request0=I2C1_TX
Dma.Request1=I2C1_RX
Dma.RequestsNb=2
File.Version=4
I2C1.ClockSpeed=400000
I2C1.IPParameters=ClockSpeed
KeepUserPlacement=false
Mcu.Family=STM32F4
Mcu.IP0=CRC
Mcu.IP1=DMA
Mcu.IP2=I2C1
Mcu.IP3=NVIC
Mcu.IP4=RCC
Mcu.IP5=TIM7
Mcu.IP6=USB_DEVICE
Mcu.IP7=USB_OTG_FS
Mcu.IPNb=8
Mcu.Name=STM32F407V(E-G)Tx
Mcu.Package=LQFP100
Mcu.Pin0=PD12
Mcu.Pin1=PD13
Mcu.Pin10=VP_CRC_VS_CRC
Mcu.Pin11=VP_TIM7_VS_ClockSourceINT
Mcu.Pin12=VP_USB_DEVICE_VS_USB_DEVICE_CDC_FS
Mcu.Pin2=PD14
Mcu.Pin3=PD15
Mcu.Pin4=PA9
Mcu.Pin5=PA11
Mcu.Pin6=PA12
Mcu.Pin7=PD6
Mcu.Pin8=PB8
Mcu.Pin9=PB9
Mcu.PinsNb=13
Mcu.UserName=STM32F407VGTx
NVIC.DMA1_Stream0_IRQn=true\:2\:0
NVIC.DMA1_Stream6_IRQn=true\:2\:0
NVIC.DMA2_Stream1_IRQn=true\:2\:0
NVIC.I2C1_ER_IRQn=true\:3\:0
NVIC.I2C1_EV_IRQn=true\:3\:0
NVIC.OTG_FS_IRQn=true\:0\:0
NVIC.PriorityGroup=NVIC_PRIORITYGROUP_2
NVIC.SysTick_IRQn=true\:0\:0
NVIC.TIM7_IRQn=true\:0\:0
PA11.GPIOParameters=GPIO_Speed,GPIO_PuPd,GPIO_Mode
PA11.GPIO_Mode=GPIO_MODE_AF_PP
PA11.GPIO_PuPd=GPIO_NOPULL
PA11.GPIO_Speed=GPIO_SPEED_HIGH
PA11.Locked=true
PA11.Mode=Device_Only
PA11.Signal=USB_OTG_FS_DM
PA12.GPIOParameters=GPIO_Speed,GPIO_PuPd,GPIO_Mode
PA12.GPIO_Mode=GPIO_MODE_AF_PP
PA12.GPIO_PuPd=GPIO_NOPULL
PA12.GPIO_Speed=GPIO_SPEED_HIGH
PA12.Locked=true
PA12.Mode=Device_Only
PA12.Signal=USB_OTG_FS_DP
PA9.Locked=true
PA9.Mode=Activate_VBUS
PA9.Signal=USB_OTG_FS_VBUS
PB8.GPIOParameters=GPIO_Speed,GPIO_PuPd,GPIO_Mode
PB8.GPIO_Mode=GPIO_MODE_AF_OD
PB8.GPIO_PuPd=GPIO_PULLUP
PB8.GPIO_Speed=GPIO_SPEED_HIGH
PB8.Mode=I2C
PB8.Signal=I2C1_SCL
PB9.GPIOParameters=GPIO_Speed,GPIO_PuPd,GPIO_Mode
PB9.GPIO_Mode=GPIO_MODE_AF_OD
PB9.GPIO_PuPd=GPIO_PULLUP
PB9.GPIO_Speed=GPIO_SPEED_HIGH
PB9.Mode=I2C
PB9.Signal=I2C1_SDA
PCC.Family=STM32F4
PCC.MCU=STM32F407V(E-G)Tx
PCC.MXVersion=4.3.1
PCC.PartNumber=STM32F407VGTx
PCC.Seq0=0
PCC.SubFamily=STM32F407/417
PCC.Temperature=25
PCC.Vdd=3.3
PD12.GPIOParameters=GPIO_Speed,GPIO_PuPd,GPIO_Label,GPIO_ModeDefaultOutputPP
PD12.GPIO_Label=LED_Green/Camera Reset
PD12.GPIO_ModeDefaultOutputPP=GPIO_MODE_OUTPUT_PP
PD12.GPIO_PuPd=GPIO_PULLDOWN
PD12.GPIO_Speed=GPIO_SPEED_FAST
PD12.Locked=true
PD12.Signal=GPIO_Output
PD13.GPIOParameters=GPIO_Speed,GPIO_PuPd,GPIO_Label,GPIO_ModeDefaultOutputPP
PD13.GPIO_Label=LED_Orange
PD13.GPIO_ModeDefaultOutputPP=GPIO_MODE_OUTPUT_PP
PD13.GPIO_PuPd=GPIO_PULLDOWN
PD13.GPIO_Speed=GPIO_SPEED_FAST
PD13.Locked=true
PD13.Signal=GPIO_Output
PD14.GPIOParameters=GPIO_Speed,GPIO_PuPd,GPIO_Label,GPIO_ModeDefaultOutputPP
PD14.GPIO_Label=LED_Red
PD14.GPIO_ModeDefaultOutputPP=GPIO_MODE_OUTPUT_PP
PD14.GPIO_PuPd=GPIO_PULLDOWN
PD14.GPIO_Speed=GPIO_SPEED_FAST
PD14.Locked=true
PD14.Signal=GPIO_Output
PD15.GPIOParameters=GPIO_Speed,GPIO_PuPd,GPIO_Label,GPIO_ModeDefaultOutputPP
PD15.GPIO_Label=LED_Blue
PD15.GPIO_ModeDefaultOutputPP=GPIO_MODE_OUTPUT_PP
PD15.GPIO_PuPd=GPIO_PULLDOWN
PD15.GPIO_Speed=GPIO_SPEED_FAST
PD15.Locked=true
PD15.Signal=GPIO_Output
PD6.GPIOParameters=GPIO_Speed,GPIO_PuPd,GPIO_Label,GPIO_ModeDefaultOutputPP
PD6.GPIO_Label=Camera Power
PD6.GPIO_ModeDefaultOutputPP=GPIO_MODE_OUTPUT_PP
PD6.GPIO_PuPd=GPIO_PULLDOWN
PD6.GPIO_Speed=GPIO_SPEED_FAST
PD6.Locked=true
PD6.Signal=GPIO_Output
ProjectManager.AskForMigrate=true
ProjectManager.BackupPrevious=true
ProjectManager.CompilerOptimize=2
ProjectManager.ComputerToolchain=false
ProjectManager.CoupleFile=true
ProjectManager.DeletePrevious=true
ProjectManager.DeviceId=STM32F407VGTx
ProjectManager.FirmwarePackage=STM32Cube FW_F4 V1.3.0
ProjectManager.FreePins=false
ProjectManager.HalAssertFull=false
ProjectManager.KeepUserCode=true
ProjectManager.LastFirmware=true
ProjectManager.LibraryCopy=0
ProjectManager.ProjectBuild=false
ProjectManager.ProjectFileName=BMO055SensorTest.ioc
ProjectManager.ProjectName=BMO055SensorTest
ProjectManager.TargetToolchain=MDK-ARM 4.73
RCC.APB1CLKDivider=RCC_HCLK_DIV4
RCC.APB2CLKDivider=RCC_HCLK_DIV2
RCC.FamilyName=M
RCC.HSE_VALUE=25000000
RCC.HSI_VALUE=16000000
RCC.IPParameters=,LSI_VALUE,FamilyName,APB1CLKDivider,APB2CLKDivider,PLLN,VcooutputI2S,PLLQ,SYSCLKSource,LSE_VALUE,HSE_VALUE,HSI_VALUE
RCC.LSE_VALUE=32768
RCC.LSI_VALUE=32000
RCC.PLLN=336
RCC.PLLQ=7
RCC.SYSCLKSource=RCC_SYSCLKSOURCE_PLLCLK
RCC.VcooutputI2S=96000000
TIM7.IPParameters=Prescaler,Period
TIM7.Period=59999
TIM7.Prescaler=13
USB_DEVICE.IPParameters=VirtualModeFS,USBD_HandleTypeDef,VirtualMode
USB_DEVICE.USBD_HandleTypeDef=hUsbDeviceFS
USB_DEVICE.VirtualMode=Cdc
USB_DEVICE.VirtualModeFS=Cdc_FS
USB_OTG_FS.IPParameters=VirtualMode-Device_Only
USB_OTG_FS.VirtualMode-Device_Only=Device_Only
VP_CRC_VS_CRC.Mode=CRC_Activate
VP_CRC_VS_CRC.Signal=CRC_VS_CRC
VP_TIM7_VS_ClockSourceINT.Mode=Enable_Timer
VP_TIM7_VS_ClockSourceINT.Signal=TIM7_VS_ClockSourceINT
VP_USB_DEVICE_VS_USB_DEVICE_CDC_FS.Mode=CDC_FS
VP_USB_DEVICE_VS_USB_DEVICE_CDC_FS.Signal=USB_DEVICE_VS_USB_DEVICE_CDC_FS
